
Microsoft Visual Studio Solution File, Format Version 12.00
# Visual Studio Version 17
VisualStudioVersion = 17.0.32112.339
MinimumVisualStudioVersion = 10.0.40219.1
Project("{FAE04EC0-301F-11D3-BF4B-00C04F79EFBC}") = "Regression", "src\Regression\Regression.csproj", "{A90CA99C-9A70-4C8D-878A-B3F005298058}"
EndProject
Project("{FAE04EC0-301F-11D3-BF4B-00C04F79EFBC}") = "Regression.Sample", "src\Regression.Sample\Regression.Sample.csproj", "{A75043F8-CE84-4030-8ABB-28828B17BE51}"
EndProject
Global
	GlobalSection(SolutionConfigurationPlatforms) = preSolution
		Debug|x64 = Debug|x64
		Release|x64 = Release|x64
	EndGlobalSection
	GlobalSection(ProjectConfigurationPlatforms) = postSolution
		{A90CA99C-9A70-4C8D-878A-B3F005298058}.Debug|x64.ActiveCfg = Debug|x64
		{A90CA99C-9A70-4C8D-878A-B3F005298058}.Debug|x64.Build.0 = Debug|x64
		{A90CA99C-9A70-4C8D-878A-B3F005298058}.Release|x64.ActiveCfg = Release|x64
		{A90CA99C-9A70-4C8D-878A-B3F005298058}.Release|x64.Build.0 = Release|x64
		{A75043F8-CE84-4030-8ABB-28828B17BE51}.Debug|x64.ActiveCfg = Debug|x64
		{A75043F8-CE84-4030-8ABB-28828B17BE51}.Debug|x64.Build.0 = Debug|x64
		{A75043F8-CE84-4030-8ABB-28828B17BE51}.Release|x64.ActiveCfg = Release|x64
	EndGlobalSection
	GlobalSection(SolutionProperties) = preSolution
		HideSolutionNode = FALSE
	EndGlobalSection
	GlobalSection(ExtensibilityGlobals) = postSolution
		SolutionGuid = {F353308F-509B-468D-8958-42041F9E5A55}
	EndGlobalSection
EndGlobal
